
Microsoft Visual Studio Solution File, Format Version 12.00
# Visual Studio Version 16
VisualStudioVersion = 16.0.30523.141
MinimumVisualStudioVersion = 10.0.40219.1
Project("{8BC9CEB8-8B4A-11D0-8D11-00A0C91BC942}") = "RunFromMemoryARM64", "RunFromMemoryARM64\RunFromMemoryARM64.vcxproj", "{BB2CBEDC-D4D4-4462-9A0C-F5EBA73102C6}"
EndProject
Project("{8BC9CEB8-8B4A-11D0-8D11-00A0C91BC942}") = "RunFromMemoryX86", "RunFromMemoryX86\RunFromMemoryX86.vcxproj", "{5078C062-D5FE-4E6A-8425-B111F6411661}"
EndProject
Project("{8BC9CEB8-8B4A-11D0-8D11-00A0C91BC942}") = "InjectCodeTemplate", "InjectCodeTemplate\InjectCodeTemplate.vcxproj", "{B6FEDCF6-5B15-47EB-AF8E-5463DC640576}"
EndProject
Project("{8BC9CEB8-8B4A-11D0-8D11-00A0C91BC942}") = "test_x86", "test_x86\test_x86.vcxproj", "{9C52B8BE-ACB4-47E1-A562-F05E905D5AE5}"
EndProject
Project("{8BC9CEB8-8B4A-11D0-8D11-00A0C91BC942}") = "test_arm", "test_arm\test_arm.vcxproj", "{C56850A6-B607-4603-9FF0-A730C154B125}"
EndProject
Project("{8BC9CEB8-8B4A-11D0-8D11-00A0C91BC942}") = "InvisibleJmp", "InvisibleJmp\InvisibleJmp.vcxproj", "{B13E06E6-E3BE-4566-9B22-C49F6D596F31}"
EndProject
Project("{8BC9CEB8-8B4A-11D0-8D11-00A0C91BC942}") = "Branch", "Branch\Branch.vcxproj", "{3EF9EF60-C4C5-490A-BBA8-3340D6E54E56}"
EndProject
Project("{8BC9CEB8-8B4A-11D0-8D11-00A0C91BC942}") = "test_msg_box", "test_msg_box\test_msg_box.vcxproj", "{00A5BDEB-75D9-4356-80B8-3BD0D372B5DD}"
EndProject
Global
	GlobalSection(SolutionConfigurationPlatforms) = preSolution
		Debug|ARM64 = Debug|ARM64
		Debug|x64 = Debug|x64
		Debug|x86 = Debug|x86
		Release|ARM64 = Release|ARM64
		Release|x64 = Release|x64
		Release|x86 = Release|x86
	EndGlobalSection
	GlobalSection(ProjectConfigurationPlatforms) = postSolution
		{BB2CBEDC-D4D4-4462-9A0C-F5EBA73102C6}.Debug|ARM64.ActiveCfg = Debug|ARM64
		{BB2CBEDC-D4D4-4462-9A0C-F5EBA73102C6}.Debug|ARM64.Build.0 = Debug|ARM64
		{BB2CBEDC-D4D4-4462-9A0C-F5EBA73102C6}.Debug|x64.ActiveCfg = Debug|x64
		{BB2CBEDC-D4D4-4462-9A0C-F5EBA73102C6}.Debug|x64.Build.0 = Debug|x64
		{BB2CBEDC-D4D4-4462-9A0C-F5EBA73102C6}.Debug|x86.ActiveCfg = Debug|ARM64
		{BB2CBEDC-D4D4-4462-9A0C-F5EBA73102C6}.Debug|x86.Build.0 = Debug|ARM64
		{BB2CBEDC-D4D4-4462-9A0C-F5EBA73102C6}.Release|ARM64.ActiveCfg = Release|ARM64
		{BB2CBEDC-D4D4-4462-9A0C-F5EBA73102C6}.Release|ARM64.Build.0 = Release|ARM64
		{BB2CBEDC-D4D4-4462-9A0C-F5EBA73102C6}.Release|x64.ActiveCfg = Release|x64
		{BB2CBEDC-D4D4-4462-9A0C-F5EBA73102C6}.Release|x64.Build.0 = Release|x64
		{BB2CBEDC-D4D4-4462-9A0C-F5EBA73102C6}.Release|x86.ActiveCfg = Release|ARM64
		{BB2CBEDC-D4D4-4462-9A0C-F5EBA73102C6}.Release|x86.Build.0 = Release|ARM64
		{5078C062-D5FE-4E6A-8425-B111F6411661}.Debug|ARM64.ActiveCfg = Debug|ARM64
		{5078C062-D5FE-4E6A-8425-B111F6411661}.Debug|ARM64.Build.0 = Debug|ARM64
		{5078C062-D5FE-4E6A-8425-B111F6411661}.Debug|x64.ActiveCfg = Debug|x64
		{5078C062-D5FE-4E6A-8425-B111F6411661}.Debug|x64.Build.0 = Debug|x64
		{5078C062-D5FE-4E6A-8425-B111F6411661}.Debug|x86.ActiveCfg = Debug|ARM64
		{5078C062-D5FE-4E6A-8425-B111F6411661}.Debug|x86.Build.0 = Debug|ARM64
		{5078C062-D5FE-4E6A-8425-B111F6411661}.Release|ARM64.ActiveCfg = Release|ARM64
		{5078C062-D5FE-4E6A-8425-B111F6411661}.Release|ARM64.Build.0 = Release|ARM64
		{5078C062-D5FE-4E6A-8425-B111F6411661}.Release|x64.ActiveCfg = Release|x64
		{5078C062-D5FE-4E6A-8425-B111F6411661}.Release|x64.Build.0 = Release|x64
		{5078C062-D5FE-4E6A-8425-B111F6411661}.Release|x86.ActiveCfg = Release|ARM64
		{5078C062-D5FE-4E6A-8425-B111F6411661}.Release|x86.Build.0 = Release|ARM64
		{B6FEDCF6-5B15-47EB-AF8E-5463DC640576}.Debug|ARM64.ActiveCfg = Debug|Win32
		{B6FEDCF6-5B15-47EB-AF8E-5463DC640576}.Debug|ARM64.Build.0 = Debug|Win32
		{B6FEDCF6-5B15-47EB-AF8E-5463DC640576}.Debug|x64.ActiveCfg = Debug|x64
		{B6FEDCF6-5B15-47EB-AF8E-5463DC640576}.Debug|x64.Build.0 = Debug|x64
		{B6FEDCF6-5B15-47EB-AF8E-5463DC640576}.Debug|x86.ActiveCfg = Debug|Win32
		{B6FEDCF6-5B15-47EB-AF8E-5463DC640576}.Debug|x86.Build.0 = Debug|Win32
		{B6FEDCF6-5B15-47EB-AF8E-5463DC640576}.Release|ARM64.ActiveCfg = Release|Win32
		{B6FEDCF6-5B15-47EB-AF8E-5463DC640576}.Release|ARM64.Build.0 = Release|Win32
		{B6FEDCF6-5B15-47EB-AF8E-5463DC640576}.Release|x64.ActiveCfg = Release|x64
		{B6FEDCF6-5B15-47EB-AF8E-5463DC640576}.Release|x64.Build.0 = Release|x64
		{B6FEDCF6-5B15-47EB-AF8E-5463DC640576}.Release|x86.ActiveCfg = Release|Win32
		{B6FEDCF6-5B15-47EB-AF8E-5463DC640576}.Release|x86.Build.0 = Release|Win32
		{9C52B8BE-ACB4-47E1-A562-F05E905D5AE5}.Debug|ARM64.ActiveCfg = Debug|Win32
		{9C52B8BE-ACB4-47E1-A562-F05E905D5AE5}.Debug|ARM64.Build.0 = Debug|Win32
		{9C52B8BE-ACB4-47E1-A562-F05E905D5AE5}.Debug|x64.ActiveCfg = Debug|x64
		{9C52B8BE-ACB4-47E1-A562-F05E905D5AE5}.Debug|x64.Build.0 = Debug|x64
		{9C52B8BE-ACB4-47E1-A562-F05E905D5AE5}.Debug|x86.ActiveCfg = Debug|Win32
		{9C52B8BE-ACB4-47E1-A562-F05E905D5AE5}.Debug|x86.Build.0 = Debug|Win32
		{9C52B8BE-ACB4-47E1-A562-F05E905D5AE5}.Release|ARM64.ActiveCfg = Release|Win32
		{9C52B8BE-ACB4-47E1-A562-F05E905D5AE5}.Release|ARM64.Build.0 = Release|Win32
		{9C52B8BE-ACB4-47E1-A562-F05E905D5AE5}.Release|x64.ActiveCfg = Release|x64
		{9C52B8BE-ACB4-47E1-A562-F05E905D5AE5}.Release|x64.Build.0 = Release|x64
		{9C52B8BE-ACB4-47E1-A562-F05E905D5AE5}.Release|x86.ActiveCfg = Release|Win32
		{9C52B8BE-ACB4-47E1-A562-F05E905D5AE5}.Release|x86.Build.0 = Release|Win32
		{C56850A6-B607-4603-9FF0-A730C154B125}.Debug|ARM64.ActiveCfg = Debug|ARM64
		{C56850A6-B607-4603-9FF0-A730C154B125}.Debug|ARM64.Build.0 = Debug|ARM64
		{C56850A6-B607-4603-9FF0-A730C154B125}.Debug|x64.ActiveCfg = Debug|x64
		{C56850A6-B607-4603-9FF0-A730C154B125}.Debug|x64.Build.0 = Debug|x64
		{C56850A6-B607-4603-9FF0-A730C154B125}.Debug|x86.ActiveCfg = Debug|ARM64
		{C56850A6-B607-4603-9FF0-A730C154B125}.Debug|x86.Build.0 = Debug|ARM64
		{C56850A6-B607-4603-9FF0-A730C154B125}.Release|ARM64.ActiveCfg = Release|ARM64
		{C56850A6-B607-4603-9FF0-A730C154B125}.Release|ARM64.Build.0 = Release|ARM64
		{C56850A6-B607-4603-9FF0-A730C154B125}.Release|x64.ActiveCfg = Release|x64
		{C56850A6-B607-4603-9FF0-A730C154B125}.Release|x64.Build.0 = Release|x64
		{C56850A6-B607-4603-9FF0-A730C154B125}.Release|x86.ActiveCfg = Release|ARM64
		{C56850A6-B607-4603-9FF0-A730C154B125}.Release|x86.Build.0 = Release|ARM64
		{B13E06E6-E3BE-4566-9B22-C49F6D596F31}.Debug|ARM64.ActiveCfg = Debug|Win32
		{B13E06E6-E3BE-4566-9B22-C49F6D596F31}.Debug|ARM64.Build.0 = Debug|Win32
		{B13E06E6-E3BE-4566-9B22-C49F6D596F31}.Debug|x64.ActiveCfg = Debug|x64
		{B13E06E6-E3BE-4566-9B22-C49F6D596F31}.Debug|x64.Build.0 = Debug|x64
		{B13E06E6-E3BE-4566-9B22-C49F6D596F31}.Debug|x86.ActiveCfg = Debug|Win32
		{B13E06E6-E3BE-4566-9B22-C49F6D596F31}.Debug|x86.Build.0 = Debug|Win32
		{B13E06E6-E3BE-4566-9B22-C49F6D596F31}.Release|ARM64.ActiveCfg = Release|Win32
		{B13E06E6-E3BE-4566-9B22-C49F6D596F31}.Release|ARM64.Build.0 = Release|Win32
		{B13E06E6-E3BE-4566-9B22-C49F6D596F31}.Release|x64.ActiveCfg = Release|x64
		{B13E06E6-E3BE-4566-9B22-C49F6D596F31}.Release|x64.Build.0 = Release|x64
		{B13E06E6-E3BE-4566-9B22-C49F6D596F31}.Release|x86.ActiveCfg = Release|Win32
		{B13E06E6-E3BE-4566-9B22-C49F6D596F31}.Release|x86.Build.0 = Release|Win32
		{3EF9EF60-C4C5-490A-BBA8-3340D6E54E56}.Debug|ARM64.ActiveCfg = Debug|Win32
		{3EF9EF60-C4C5-490A-BBA8-3340D6E54E56}.Debug|ARM64.Build.0 = Debug|Win32
		{3EF9EF60-C4C5-490A-BBA8-3340D6E54E56}.Debug|x64.ActiveCfg = Debug|x64
		{3EF9EF60-C4C5-490A-BBA8-3340D6E54E56}.Debug|x64.Build.0 = Debug|x64
		{3EF9EF60-C4C5-490A-BBA8-3340D6E54E56}.Debug|x86.ActiveCfg = Debug|Win32
		{3EF9EF60-C4C5-490A-BBA8-3340D6E54E56}.Debug|x86.Build.0 = Debug|Win32
		{3EF9EF60-C4C5-490A-BBA8-3340D6E54E56}.Release|ARM64.ActiveCfg = Release|Win32
		{3EF9EF60-C4C5-490A-BBA8-3340D6E54E56}.Release|ARM64.Build.0 = Release|Win32
		{3EF9EF60-C4C5-490A-BBA8-3340D6E54E56}.Release|x64.ActiveCfg = Release|x64
		{3EF9EF60-C4C5-490A-BBA8-3340D6E54E56}.Release|x64.Build.0 = Release|x64
		{3EF9EF60-C4C5-490A-BBA8-3340D6E54E56}.Release|x86.ActiveCfg = Release|Win32
		{3EF9EF60-C4C5-490A-BBA8-3340D6E54E56}.Release|x86.Build.0 = Release|Win32
		{00A5BDEB-75D9-4356-80B8-3BD0D372B5DD}.Debug|ARM64.ActiveCfg = Debug|Win32
		{00A5BDEB-75D9-4356-80B8-3BD0D372B5DD}.Debug|ARM64.Build.0 = Debug|Win32
		{00A5BDEB-75D9-4356-80B8-3BD0D372B5DD}.Debug|x64.ActiveCfg = Debug|x64
		{00A5BDEB-75D9-4356-80B8-3BD0D372B5DD}.Debug|x64.Build.0 = Debug|x64
		{00A5BDEB-75D9-4356-80B8-3BD0D372B5DD}.Debug|x86.ActiveCfg = Debug|Win32
		{00A5BDEB-75D9-4356-80B8-3BD0D372B5DD}.Debug|x86.Build.0 = Debug|Win32
		{00A5BDEB-75D9-4356-80B8-3BD0D372B5DD}.Release|ARM64.ActiveCfg = Release|Win32
		{00A5BDEB-75D9-4356-80B8-3BD0D372B5DD}.Release|ARM64.Build.0 = Release|Win32
		{00A5BDEB-75D9-4356-80B8-3BD0D372B5DD}.Release|x64.ActiveCfg = Release|x64
		{00A5BDEB-75D9-4356-80B8-3BD0D372B5DD}.Release|x64.Build.0 = Release|x64
		{00A5BDEB-75D9-4356-80B8-3BD0D372B5DD}.Release|x86.ActiveCfg = Release|Win32
		{00A5BDEB-75D9-4356-80B8-3BD0D372B5DD}.Release|x86.Build.0 = Release|Win32
	EndGlobalSection
	GlobalSection(SolutionProperties) = preSolution
		HideSolutionNode = FALSE
	EndGlobalSection
	GlobalSection(ExtensibilityGlobals) = postSolution
		SolutionGuid = {0AEFBBAD-9713-4C34-B6AA-9BA7F77F92F3}
	EndGlobalSection
EndGlobal
